Microsoft Visual Studio Solution File, Format Version 12.00
# Visual Studio 14
VisualStudioVersion = 14.0.24720.0
MinimumVisualStudioVersion = 10.0.40219.1
Project("{8BC9CEB8-8B4A-11D0-8D11-00A0C91BC942}") = "ALL_BUILD", "ALL_BUILD.vcxproj", "{34B809ED-8D2F-3713-A043-0BF8DF5D9579}"
	ProjectSection(ProjectDependencies) = postProject
		{9EF4FC34-F282-3C22-975F-55A57A35C281} = {9EF4FC34-F282-3C22-975F-55A57A35C281}
		{4272E837-37B7-398D-B55E-88A8F9167035} = {4272E837-37B7-398D-B55E-88A8F9167035}
		{525C8E76-E251-3745-AA51-021E792EE68A} = {525C8E76-E251-3745-AA51-021E792EE68A}
		{CDEE2F78-8499-3FB3-810C-D26DCADBD20E} = {CDEE2F78-8499-3FB3-810C-D26DCADBD20E}
	EndProjectSection
EndProject
Project("{8BC9CEB8-8B4A-11D0-8D11-00A0C91BC942}") = "INSTALL", "INSTALL.vcxproj", "{3766F66B-C347-3D7B-96F1-76260EF671F1}"
	ProjectSection(ProjectDependencies) = postProject
		{4272E837-37B7-398D-B55E-88A8F9167035} = {4272E837-37B7-398D-B55E-88A8F9167035}
		{34B809ED-8D2F-3713-A043-0BF8DF5D9579} = {34B809ED-8D2F-3713-A043-0BF8DF5D9579}
	EndProjectSection
EndProject
Project("{8BC9CEB8-8B4A-11D0-8D11-00A0C91BC942}") = "ZERO_CHECK", "ZERO_CHECK.vcxproj", "{4272E837-37B7-398D-B55E-88A8F9167035}"
EndProject
Project("{8BC9CEB8-8B4A-11D0-8D11-00A0C91BC942}") = "caplib", "caplib\caplib.vcxproj", "{CDEE2F78-8499-3FB3-810C-D26DCADBD20E}"
	ProjectSection(ProjectDependencies) = postProject
		{9EF4FC34-F282-3C22-975F-55A57A35C281} = {9EF4FC34-F282-3C22-975F-55A57A35C281}
		{4272E837-37B7-398D-B55E-88A8F9167035} = {4272E837-37B7-398D-B55E-88A8F9167035}
	EndProjectSection
EndProject
Project("{8BC9CEB8-8B4A-11D0-8D11-00A0C91BC942}") = "dicomlib", "dicomlib\dicomlib.vcxproj", "{9EF4FC34-F282-3C22-975F-55A57A35C281}"
	ProjectSection(ProjectDependencies) = postProject
		{4272E837-37B7-398D-B55E-88A8F9167035} = {4272E837-37B7-398D-B55E-88A8F9167035}
	EndProjectSection
EndProject
Project("{8BC9CEB8-8B4A-11D0-8D11-00A0C91BC942}") = "vascuCAP", "vascuCAP.vcxproj", "{525C8E76-E251-3745-AA51-021E792EE68A}"
	ProjectSection(ProjectDependencies) = postProject
		{9EF4FC34-F282-3C22-975F-55A57A35C281} = {9EF4FC34-F282-3C22-975F-55A57A35C281}
		{4272E837-37B7-398D-B55E-88A8F9167035} = {4272E837-37B7-398D-B55E-88A8F9167035}
		{CDEE2F78-8499-3FB3-810C-D26DCADBD20E} = {CDEE2F78-8499-3FB3-810C-D26DCADBD20E}
	EndProjectSection
EndProject
Project("{6141683F-8A12-4E36-9623-2EB02B2C2303}") = "InstallShieldSetup", "..\InstallShieldSetup\InstallShieldSetup.isproj", "{F7FB47D0-3492-4A67-9308-D260FFB8EBAD}"
	ProjectSection(ProjectDependencies) = postProject
		{525C8E76-E251-3745-AA51-021E792EE68A} = {525C8E76-E251-3745-AA51-021E792EE68A}
	EndProjectSection
EndProject
Global
	GlobalSection(SolutionConfigurationPlatforms) = preSolution
		CD_ROM|x64 = CD_ROM|x64
		DVD-5|x64 = DVD-5|x64
		Release|x64 = Release|x64
		SingleImage|x64 = SingleImage|x64
	EndGlobalSection
	GlobalSection(ProjectConfigurationPlatforms) = postSolution
		{34B809ED-8D2F-3713-A043-0BF8DF5D9579}.CD_ROM|x64.ActiveCfg = Release|x64
		{34B809ED-8D2F-3713-A043-0BF8DF5D9579}.CD_ROM|x64.Build.0 = Release|x64
		{34B809ED-8D2F-3713-A043-0BF8DF5D9579}.DVD-5|x64.ActiveCfg = Release|x64
		{34B809ED-8D2F-3713-A043-0BF8DF5D9579}.DVD-5|x64.Build.0 = Release|x64
		{34B809ED-8D2F-3713-A043-0BF8DF5D9579}.Release|x64.ActiveCfg = Release|x64
		{34B809ED-8D2F-3713-A043-0BF8DF5D9579}.Release|x64.Build.0 = Release|x64
		{34B809ED-8D2F-3713-A043-0BF8DF5D9579}.SingleImage|x64.ActiveCfg = Release|x64
		{34B809ED-8D2F-3713-A043-0BF8DF5D9579}.SingleImage|x64.Build.0 = Release|x64
		{3766F66B-C347-3D7B-96F1-76260EF671F1}.CD_ROM|x64.ActiveCfg = Release|x64
		{3766F66B-C347-3D7B-96F1-76260EF671F1}.CD_ROM|x64.Build.0 = Release|x64
		{3766F66B-C347-3D7B-96F1-76260EF671F1}.DVD-5|x64.ActiveCfg = Release|x64
		{3766F66B-C347-3D7B-96F1-76260EF671F1}.DVD-5|x64.Build.0 = Release|x64
		{3766F66B-C347-3D7B-96F1-76260EF671F1}.Release|x64.ActiveCfg = Release|x64
		{3766F66B-C347-3D7B-96F1-76260EF671F1}.SingleImage|x64.ActiveCfg = Release|x64
		{3766F66B-C347-3D7B-96F1-76260EF671F1}.SingleImage|x64.Build.0 = Release|x64
		{4272E837-37B7-398D-B55E-88A8F9167035}.CD_ROM|x64.ActiveCfg = Release|x64
		{4272E837-37B7-398D-B55E-88A8F9167035}.CD_ROM|x64.Build.0 = Release|x64
		{4272E837-37B7-398D-B55E-88A8F9167035}.DVD-5|x64.ActiveCfg = Release|x64
		{4272E837-37B7-398D-B55E-88A8F9167035}.DVD-5|x64.Build.0 = Release|x64
		{4272E837-37B7-398D-B55E-88A8F9167035}.Release|x64.ActiveCfg = Release|x64
		{4272E837-37B7-398D-B55E-88A8F9167035}.Release|x64.Build.0 = Release|x64
		{4272E837-37B7-398D-B55E-88A8F9167035}.SingleImage|x64.ActiveCfg = Release|x64
		{4272E837-37B7-398D-B55E-88A8F9167035}.SingleImage|x64.Build.0 = Release|x64
		{CDEE2F78-8499-3FB3-810C-D26DCADBD20E}.CD_ROM|x64.ActiveCfg = Release|x64
		{CDEE2F78-8499-3FB3-810C-D26DCADBD20E}.CD_ROM|x64.Build.0 = Release|x64
		{CDEE2F78-8499-3FB3-810C-D26DCADBD20E}.DVD-5|x64.ActiveCfg = Release|x64
		{CDEE2F78-8499-3FB3-810C-D26DCADBD20E}.DVD-5|x64.Build.0 = Release|x64
		{CDEE2F78-8499-3FB3-810C-D26DCADBD20E}.Release|x64.ActiveCfg = Release|x64
		{CDEE2F78-8499-3FB3-810C-D26DCADBD20E}.Release|x64.Build.0 = Release|x64
		{CDEE2F78-8499-3FB3-810C-D26DCADBD20E}.SingleImage|x64.ActiveCfg = Release|x64
		{CDEE2F78-8499-3FB3-810C-D26DCADBD20E}.SingleImage|x64.Build.0 = Release|x64
		{9EF4FC34-F282-3C22-975F-55A57A35C281}.CD_ROM|x64.ActiveCfg = Release|x64
		{9EF4FC34-F282-3C22-975F-55A57A35C281}.CD_ROM|x64.Build.0 = Release|x64
		{9EF4FC34-F282-3C22-975F-55A57A35C281}.DVD-5|x64.ActiveCfg = Release|x64
		{9EF4FC34-F282-3C22-975F-55A57A35C281}.DVD-5|x64.Build.0 = Release|x64
		{9EF4FC34-F282-3C22-975F-55A57A35C281}.Release|x64.ActiveCfg = Release|x64
		{9EF4FC34-F282-3C22-975F-55A57A35C281}.Release|x64.Build.0 = Release|x64
		{9EF4FC34-F282-3C22-975F-55A57A35C281}.SingleImage|x64.ActiveCfg = Release|x64
		{9EF4FC34-F282-3C22-975F-55A57A35C281}.SingleImage|x64.Build.0 = Release|x64
		{525C8E76-E251-3745-AA51-021E792EE68A}.CD_ROM|x64.ActiveCfg = Release|x64
		{525C8E76-E251-3745-AA51-021E792EE68A}.CD_ROM|x64.Build.0 = Release|x64
		{525C8E76-E251-3745-AA51-021E792EE68A}.DVD-5|x64.ActiveCfg = Release|x64
		{525C8E76-E251-3745-AA51-021E792EE68A}.DVD-5|x64.Build.0 = Release|x64
		{525C8E76-E251-3745-AA51-021E792EE68A}.Release|x64.ActiveCfg = Release|x64
		{525C8E76-E251-3745-AA51-021E792EE68A}.Release|x64.Build.0 = Release|x64
		{525C8E76-E251-3745-AA51-021E792EE68A}.SingleImage|x64.ActiveCfg = Release|x64
		{525C8E76-E251-3745-AA51-021E792EE68A}.SingleImage|x64.Build.0 = Release|x64
		{F7FB47D0-3492-4A67-9308-D260FFB8EBAD}.CD_ROM|x64.ActiveCfg = CD_ROM
		{F7FB47D0-3492-4A67-9308-D260FFB8EBAD}.CD_ROM|x64.Build.0 = CD_ROM
		{F7FB47D0-3492-4A67-9308-D260FFB8EBAD}.DVD-5|x64.ActiveCfg = DVD-5
		{F7FB47D0-3492-4A67-9308-D260FFB8EBAD}.DVD-5|x64.Build.0 = DVD-5
		{F7FB47D0-3492-4A67-9308-D260FFB8EBAD}.Release|x64.ActiveCfg = SingleImage
		{F7FB47D0-3492-4A67-9308-D260FFB8EBAD}.Release|x64.Build.0 = SingleImage
		{F7FB47D0-3492-4A67-9308-D260FFB8EBAD}.SingleImage|x64.ActiveCfg = SingleImage
		{F7FB47D0-3492-4A67-9308-D260FFB8EBAD}.SingleImage|x64.Build.0 = SingleImage
	EndGlobalSection
	GlobalSection(SolutionProperties) = preSolution
		HideSolutionNode = FALSE
	EndGlobalSection
EndGlobal
